
Microsoft Visual Studio Solution File, Format Version 12.00
# Visual Studio Version 17
VisualStudioVersion = 17.1.32328.378
MinimumVisualStudioVersion = 10.0.40219.1
Project("{9A19103F-16F7-4668-BE54-9A1E7A4F7556}") = "Business", "Business\Business.csproj", "{90F528DA-0D4D-400F-80A1-7DC41FF1E1A0}"
EndProject
Project("{9A19103F-16F7-4668-BE54-9A1E7A4F7556}") = "Core", "Core\Core.csproj", "{C4170F46-CA96-4287-BC04-7D562B7F3BA1}"
EndProject
Project("{9A19103F-16F7-4668-BE54-9A1E7A4F7556}") = "DataAccess", "DataAccess\DataAccess.csproj", "{3EE028D1-8887-4106-8A97-8501D6DACDAB}"
EndProject
Project("{9A19103F-16F7-4668-BE54-9A1E7A4F7556}") = "Entities", "Entities\Entities.csproj", "{1E498D6B-266B-43C4-9AE6-37EB4267C866}"
EndProject
Project("{FAE04EC0-301F-11D3-BF4B-00C04F79EFBC}") = "WebAPI", "WebAPI\WebAPI.csproj", "{450986DE-424B-4261-B0F2-07E94FA43AE9}"
EndProject
Global
	GlobalSection(SolutionConfigurationPlatforms) = preSolution
		Debug|Any CPU = Debug|Any CPU
		Release|Any CPU = Release|Any CPU
	EndGlobalSection
	GlobalSection(ProjectConfigurationPlatforms) = postSolution
		{90F528DA-0D4D-400F-80A1-7DC41FF1E1A0}.Debug|Any CPU.ActiveCfg = Debug|Any CPU
		{90F528DA-0D4D-400F-80A1-7DC41FF1E1A0}.Debug|Any CPU.Build.0 = Debug|Any CPU
		{90F528DA-0D4D-400F-80A1-7DC41FF1E1A0}.Release|Any CPU.ActiveCfg = Release|Any CPU
		{90F528DA-0D4D-400F-80A1-7DC41FF1E1A0}.Release|Any CPU.Build.0 = Release|Any CPU
		{C4170F46-CA96-4287-BC04-7D562B7F3BA1}.Debug|Any CPU.ActiveCfg = Debug|Any CPU
		{C4170F46-CA96-4287-BC04-7D562B7F3BA1}.Debug|Any CPU.Build.0 = Debug|Any CPU
		{C4170F46-CA96-4287-BC04-7D562B7F3BA1}.Release|Any CPU.ActiveCfg = Release|Any CPU
		{C4170F46-CA96-4287-BC04-7D562B7F3BA1}.Release|Any CPU.Build.0 = Release|Any CPU
		{3EE028D1-8887-4106-8A97-8501D6DACDAB}.Debug|Any CPU.ActiveCfg = Debug|Any CPU
		{3EE028D1-8887-4106-8A97-8501D6DACDAB}.Debug|Any CPU.Build.0 = Debug|Any CPU
		{3EE028D1-8887-4106-8A97-8501D6DACDAB}.Release|Any CPU.ActiveCfg = Release|Any CPU
		{3EE028D1-8887-4106-8A97-8501D6DACDAB}.Release|Any CPU.Build.0 = Release|Any CPU
		{1E498D6B-266B-43C4-9AE6-37EB4267C866}.Debug|Any CPU.ActiveCfg = Debug|Any CPU
		{1E498D6B-266B-43C4-9AE6-37EB4267C866}.Debug|Any CPU.Build.0 = Debug|Any CPU
		{1E498D6B-266B-43C4-9AE6-37EB4267C866}.Release|Any CPU.ActiveCfg = Release|Any CPU
		{1E498D6B-266B-43C4-9AE6-37EB4267C866}.Release|Any CPU.Build.0 = Release|Any CPU
		{450986DE-424B-4261-B0F2-07E94FA43AE9}.Debug|Any CPU.ActiveCfg = Debug|Any CPU
		{450986DE-424B-4261-B0F2-07E94FA43AE9}.Debug|Any CPU.Build.0 = Debug|Any CPU
		{450986DE-424B-4261-B0F2-07E94FA43AE9}.Release|Any CPU.ActiveCfg = Release|Any CPU
		{450986DE-424B-4261-B0F2-07E94FA43AE9}.Release|Any CPU.Build.0 = Release|Any CPU
	EndGlobalSection
	GlobalSection(SolutionProperties) = preSolution
		HideSolutionNode = FALSE
	EndGlobalSection
	GlobalSection(ExtensibilityGlobals) = postSolution
		SolutionGuid = {02DDBE46-AC6D-4B56-8418-C6503A2DB785}
	EndGlobalSection
EndGlobal
